# This is a Gradle generated file for dependency locking.
# Manual edits can break the build and are not advised.
# This file is expected to be part of source control.
com.fasterxml.jackson.core:jackson-annotations:2.9.0
com.fasterxml.jackson.core:jackson-core:2.9.9
com.fasterxml.jackson.core:jackson-databind:2.9.9
com.fasterxml.jackson.datatype:jackson-datatype-jdk8:2.9.9
com.fasterxml.jackson.datatype:jackson-datatype-jsr310:2.9.9
javax.servlet:javax.servlet-api:3.1.0
org.eclipse.jetty.websocket:websocket-api:9.4.19.v20190610
org.eclipse.jetty.websocket:websocket-client:9.4.19.v20190610
org.eclipse.jetty.websocket:websocket-common:9.4.19.v20190610
org.eclipse.jetty.websocket:websocket-server:9.4.19.v20190610
org.eclipse.jetty.websocket:websocket-servlet:9.4.19.v20190610
org.eclipse.jetty:jetty-client:9.4.19.v20190610
org.eclipse.jetty:jetty-http:9.4.19.v20190610
org.eclipse.jetty:jetty-io:9.4.19.v20190610
org.eclipse.jetty:jetty-security:9.4.19.v20190610
org.eclipse.jetty:jetty-server:9.4.19.v20190610
org.eclipse.jetty:jetty-servlet:9.4.19.v20190610
org.eclipse.jetty:jetty-util:9.4.19.v20190610
org.eclipse.jetty:jetty-xml:9.4.19.v20190610
org.slf4j:slf4j-api:1.8.0-beta4
org.tutske.libs:org.tutske.libs.api:a.1.0-6-g5674bbb
org.tutske.libs:org.tutske.libs.utils:a.3.2-pre-8-g26242a3
